
Microsoft Visual Studio Solution File, Format Version 12.00
# Visual Studio 2012
Project("{FAE04EC0-301F-11D3-BF4B-00C04F79EFBC}") = "EHRIntegracao.Domain", "EHRIntegracao.Domain\EHRIntegracao.Domain.csproj", "{8A76B66E-8929-4BF5-918E-51054CEAC368}"
EndProject
Project("{FAE04EC0-301F-11D3-BF4B-00C04F79EFBC}") = "EHRIntegracao.Test", "EHRIntegracao.Test\EHRIntegracao.Test.csproj", "{A952FD2C-226B-4987-8EF7-A494691B2242}"
EndProject
Project("{FAE04EC0-301F-11D3-BF4B-00C04F79EFBC}") = "EHRIntegracao.Console", "EHRIntegracao.Console\EHRIntegracao.Console.csproj", "{78D841BA-F3E5-46C5-BDFF-C11539527FD6}"
EndProject
Project("{2150E333-8FDC-42A3-9474-1A3956D46DE8}") = ".nuget", ".nuget", "{8910C2EA-3C91-4E54-A3BA-79A176876225}"
	ProjectSection(SolutionItems) = preProject
		.nuget\NuGet.Config = .nuget\NuGet.Config
		.nuget\NuGet.exe = .nuget\NuGet.exe
		.nuget\NuGet.targets = .nuget\NuGet.targets
	EndProjectSection
EndProject
Global
	GlobalSection(SolutionConfigurationPlatforms) = preSolution
		Debug|Any CPU = Debug|Any CPU
		Release|Any CPU = Release|Any CPU
	EndGlobalSection
	GlobalSection(ProjectConfigurationPlatforms) = postSolution
		{8A76B66E-8929-4BF5-918E-51054CEAC368}.Debug|Any CPU.ActiveCfg = Debug|Any CPU
		{8A76B66E-8929-4BF5-918E-51054CEAC368}.Debug|Any CPU.Build.0 = Debug|Any CPU
		{8A76B66E-8929-4BF5-918E-51054CEAC368}.Release|Any CPU.ActiveCfg = Release|Any CPU
		{8A76B66E-8929-4BF5-918E-51054CEAC368}.Release|Any CPU.Build.0 = Release|Any CPU
		{A952FD2C-226B-4987-8EF7-A494691B2242}.Debug|Any CPU.ActiveCfg = Debug|Any CPU
		{A952FD2C-226B-4987-8EF7-A494691B2242}.Debug|Any CPU.Build.0 = Debug|Any CPU
		{A952FD2C-226B-4987-8EF7-A494691B2242}.Release|Any CPU.ActiveCfg = Release|Any CPU
		{A952FD2C-226B-4987-8EF7-A494691B2242}.Release|Any CPU.Build.0 = Release|Any CPU
		{78D841BA-F3E5-46C5-BDFF-C11539527FD6}.Debug|Any CPU.ActiveCfg = Debug|Any CPU
		{78D841BA-F3E5-46C5-BDFF-C11539527FD6}.Debug|Any CPU.Build.0 = Debug|Any CPU
		{78D841BA-F3E5-46C5-BDFF-C11539527FD6}.Release|Any CPU.ActiveCfg = Release|Any CPU
		{78D841BA-F3E5-46C5-BDFF-C11539527FD6}.Release|Any CPU.Build.0 = Release|Any CPU
	EndGlobalSection
	GlobalSection(SolutionProperties) = preSolution
		HideSolutionNode = FALSE
	EndGlobalSection
EndGlobal
